
Microsoft Visual Studio Solution File, Format Version 12.00
# Visual Studio Version 16
VisualStudioVersion = 16.0.30002.166
MinimumVisualStudioVersion = 10.0.40219.1
Project("{FAE04EC0-301F-11D3-BF4B-00C04F79EFBC}") = "TP1Module2", "TPModule2\TP1Module2.csproj", "{D98F9FDE-95DE-432C-9687-6A872BA5CBE0}"
EndProject
Project("{FAE04EC0-301F-11D3-BF4B-00C04F79EFBC}") = "TPModule3", "TPModule3\TPModule3.csproj", "{E22A0DDE-8ED8-48EF-B2F3-B2D49991BC63}"
EndProject
Project("{FAE04EC0-301F-11D3-BF4B-00C04F79EFBC}") = "TP1Module5LesChats", "TP1Module5LesChats\TP1Module5LesChats.csproj", "{72544B23-F159-4400-B60D-E61A154BD2C6}"
EndProject
Project("{FAE04EC0-301F-11D3-BF4B-00C04F79EFBC}") = "TP2Module5LesPizzas", "TP2Module5LesPizzas\TP2Module5LesPizzas.csproj", "{ABFC578B-98C2-4F53-AFBA-DD7C7AAF09A5}"
EndProject
Project("{FAE04EC0-301F-11D3-BF4B-00C04F79EFBC}") = "TP2Module5BOLesPizzas", "TP2Module5BOLesPizzas\TP2Module5BOLesPizzas.csproj", "{6066EAAA-6025-49BC-A1F3-FC6447C42CD9}"
EndProject
Global
	GlobalSection(SolutionConfigurationPlatforms) = preSolution
		Debug|Any CPU = Debug|Any CPU
		Release|Any CPU = Release|Any CPU
	EndGlobalSection
	GlobalSection(ProjectConfigurationPlatforms) = postSolution
		{D98F9FDE-95DE-432C-9687-6A872BA5CBE0}.Debug|Any CPU.ActiveCfg = Debug|Any CPU
		{D98F9FDE-95DE-432C-9687-6A872BA5CBE0}.Debug|Any CPU.Build.0 = Debug|Any CPU
		{D98F9FDE-95DE-432C-9687-6A872BA5CBE0}.Release|Any CPU.ActiveCfg = Release|Any CPU
		{D98F9FDE-95DE-432C-9687-6A872BA5CBE0}.Release|Any CPU.Build.0 = Release|Any CPU
		{E22A0DDE-8ED8-48EF-B2F3-B2D49991BC63}.Debug|Any CPU.ActiveCfg = Debug|Any CPU
		{E22A0DDE-8ED8-48EF-B2F3-B2D49991BC63}.Debug|Any CPU.Build.0 = Debug|Any CPU
		{E22A0DDE-8ED8-48EF-B2F3-B2D49991BC63}.Release|Any CPU.ActiveCfg = Release|Any CPU
		{E22A0DDE-8ED8-48EF-B2F3-B2D49991BC63}.Release|Any CPU.Build.0 = Release|Any CPU
		{72544B23-F159-4400-B60D-E61A154BD2C6}.Debug|Any CPU.ActiveCfg = Debug|Any CPU
		{72544B23-F159-4400-B60D-E61A154BD2C6}.Debug|Any CPU.Build.0 = Debug|Any CPU
		{72544B23-F159-4400-B60D-E61A154BD2C6}.Release|Any CPU.ActiveCfg = Release|Any CPU
		{72544B23-F159-4400-B60D-E61A154BD2C6}.Release|Any CPU.Build.0 = Release|Any CPU
		{ABFC578B-98C2-4F53-AFBA-DD7C7AAF09A5}.Debug|Any CPU.ActiveCfg = Debug|Any CPU
		{ABFC578B-98C2-4F53-AFBA-DD7C7AAF09A5}.Debug|Any CPU.Build.0 = Debug|Any CPU
		{ABFC578B-98C2-4F53-AFBA-DD7C7AAF09A5}.Release|Any CPU.ActiveCfg = Release|Any CPU
		{ABFC578B-98C2-4F53-AFBA-DD7C7AAF09A5}.Release|Any CPU.Build.0 = Release|Any CPU
		{6066EAAA-6025-49BC-A1F3-FC6447C42CD9}.Debug|Any CPU.ActiveCfg = Debug|Any CPU
		{6066EAAA-6025-49BC-A1F3-FC6447C42CD9}.Debug|Any CPU.Build.0 = Debug|Any CPU
		{6066EAAA-6025-49BC-A1F3-FC6447C42CD9}.Release|Any CPU.ActiveCfg = Release|Any CPU
		{6066EAAA-6025-49BC-A1F3-FC6447C42CD9}.Release|Any CPU.Build.0 = Release|Any CPU
	EndGlobalSection
	GlobalSection(SolutionProperties) = preSolution
		HideSolutionNode = FALSE
	EndGlobalSection
	GlobalSection(ExtensibilityGlobals) = postSolution
		SolutionGuid = {1A023A37-2511-449B-8CDE-EDB1BA17234F}
	EndGlobalSection
EndGlobal
